PODS:
  - AVOSCloud (3.3.5)
  - JTMaterialSwitch (1.1)
  - JTSImageViewController (1.5.1)
  - NVActivityIndicatorView (2.9)
  - StepSlider (0.1.3)
  - SVWebViewController (1.0)

DEPENDENCIES:
  - AVOSCloud
  - JTMaterialSwitch
  - JTSImageViewController
  - NVActivityIndicatorView
  - StepSlider
  - SVWebViewController

SPEC CHECKSUMS:
  AVOSCloud: 1fe170768bee7e05bc3ea86e38d5bddb105cb957
  JTMaterialSwitch: cad8093c3773ff9f6c60005c98d269eb869b5e04
  JTSImageViewController: 1f8ce1cc93dab0d0af8e53badeea7528560cfec9
  NVActivityIndicatorView: 0084f6be71bdf4735b5424ebfb530b1e3db3276c
  StepSlider: bce9de48357f80a5f5d2e45a94ebcb0aeec09729
  SVWebViewController: c36dda7326e81fcae0abf5d02bf7bbf7e41be901

PODFILE CHECKSUM: 894dc3bfa3421b6c21b6424bc048a26fc2ca1bb9

COCOAPODS: 1.0.0
